{"filter":false,"title":"package-lock.json","tooltip":"/simple-app/package-lock.json","undoManager":{"mark":-1,"position":-1,"stack":[]},"ace":{"folds":[],"scrolltop":0,"scrollleft":0,"selection":{"start":{"row":0,"column":0},"end":{"row":0,"column":0},"isBackwards":false},"options":{"guessTabSize":true,"useWrapMode":false,"wrapToView":true},"firstLineState":0},"timestamp":1547315104015,"hash":"8956c73ffb59b44bb1ba6f58e1c6f9ce8f72dc9a"}